
Microsoft Visual Studio Solution File, Format Version 12.00
# Visual Studio Version 17
VisualStudioVersion = 17.7.34003.232
MinimumVisualStudioVersion = 10.0.40219.1
Project("{9A19103F-16F7-4668-BE54-9A1E7A4F7556}") = "Coperta", "Coperta.csproj", "{34FF3EB7-6728-4148-AFAE-EBF1E6A03B31}"
EndProject
Project("{FAE04EC0-301F-11D3-BF4B-00C04F79EFBC}") = "Core", "..\Core\Core.csproj", "{0F358666-BB7A-4DF1-87DC-D379B089A8DD}"
EndProject
Project("{FAE04EC0-301F-11D3-BF4B-00C04F79EFBC}") = "Infrastructure", "..\Infrastructure\Infrastructure.csproj", "{994E8E4B-D00F-44D1-BFA5-8A117792CB75}"
EndProject
Global
	GlobalSection(SolutionConfigurationPlatforms) = preSolution
		Debug|Any CPU = Debug|Any CPU
		Release|Any CPU = Release|Any CPU
	EndGlobalSection
	GlobalSection(ProjectConfigurationPlatforms) = postSolution
		{34FF3EB7-6728-4148-AFAE-EBF1E6A03B31}.Debug|Any CPU.ActiveCfg = Debug|Any CPU
		{34FF3EB7-6728-4148-AFAE-EBF1E6A03B31}.Debug|Any CPU.Build.0 = Debug|Any CPU
		{34FF3EB7-6728-4148-AFAE-EBF1E6A03B31}.Release|Any CPU.ActiveCfg = Release|Any CPU
		{34FF3EB7-6728-4148-AFAE-EBF1E6A03B31}.Release|Any CPU.Build.0 = Release|Any CPU
		{0F358666-BB7A-4DF1-87DC-D379B089A8DD}.Debug|Any CPU.ActiveCfg = Debug|Any CPU
		{0F358666-BB7A-4DF1-87DC-D379B089A8DD}.Debug|Any CPU.Build.0 = Debug|Any CPU
		{0F358666-BB7A-4DF1-87DC-D379B089A8DD}.Release|Any CPU.ActiveCfg = Release|Any CPU
		{0F358666-BB7A-4DF1-87DC-D379B089A8DD}.Release|Any CPU.Build.0 = Release|Any CPU
		{994E8E4B-D00F-44D1-BFA5-8A117792CB75}.Debug|Any CPU.ActiveCfg = Debug|Any CPU
		{994E8E4B-D00F-44D1-BFA5-8A117792CB75}.Debug|Any CPU.Build.0 = Debug|Any CPU
		{994E8E4B-D00F-44D1-BFA5-8A117792CB75}.Release|Any CPU.ActiveCfg = Release|Any CPU
		{994E8E4B-D00F-44D1-BFA5-8A117792CB75}.Release|Any CPU.Build.0 = Release|Any CPU
	EndGlobalSection
	GlobalSection(SolutionProperties) = preSolution
		HideSolutionNode = FALSE
	EndGlobalSection
	GlobalSection(ExtensibilityGlobals) = postSolution
		SolutionGuid = {B9A71E6A-FDF7-44B1-B3B3-0AAF3FE190F3}
	EndGlobalSection
EndGlobal
